hash: 925c117ebca93b001fb59c11ffd4a6ff1835bb6a523e54b76feac97f81b99a8b
updated: 2017-01-30T21:01:22.087429899-05:00
imports:
- name: github.com/cpg1111/maestrod
  version: bc63ed199fafb5010a7aa300e3976833621b4adb
  subpackages:
  - datastore
- name: github.com/gorilla/websocket
  version: 3ab3a8b8831546bd18fd182c20687ca853b2bb13
testImports: []
